
Microsoft Visual Studio Solution File, Format Version 12.00
# Visual Studio 15
VisualStudioVersion = 15.0.26730.12
MinimumVisualStudioVersion = 10.0.40219.1
Project("{FAE04EC0-301F-11D3-BF4B-00C04F79EFBC}") = "TanksTestProject", "TanksTestProject.csproj", "{7A0EB8C3-C1B8-C26C-CCBE-EAD0411AD8F8}"
EndProject
Project("{FAE04EC0-301F-11D3-BF4B-00C04F79EFBC}") = "TanksTestProject.Editor", "TanksTestProject.Editor.csproj", "{EC6F2D49-4C3A-2529-2F36-12991FA2DB8A}"
EndProject
Global
	GlobalSection(SolutionConfigurationPlatforms) = preSolution
		Debug|Any CPU = Debug|Any CPU
		Release|Any CPU = Release|Any CPU
	EndGlobalSection
	GlobalSection(ProjectConfigurationPlatforms) = postSolution
		{7A0EB8C3-C1B8-C26C-CCBE-EAD0411AD8F8}.Debug|Any CPU.ActiveCfg = Debug|Any CPU
		{7A0EB8C3-C1B8-C26C-CCBE-EAD0411AD8F8}.Debug|Any CPU.Build.0 = Debug|Any CPU
		{7A0EB8C3-C1B8-C26C-CCBE-EAD0411AD8F8}.Release|Any CPU.ActiveCfg = Release|Any CPU
		{7A0EB8C3-C1B8-C26C-CCBE-EAD0411AD8F8}.Release|Any CPU.Build.0 = Release|Any CPU
		{EC6F2D49-4C3A-2529-2F36-12991FA2DB8A}.Debug|Any CPU.ActiveCfg = Debug|Any CPU
		{EC6F2D49-4C3A-2529-2F36-12991FA2DB8A}.Debug|Any CPU.Build.0 = Debug|Any CPU
		{EC6F2D49-4C3A-2529-2F36-12991FA2DB8A}.Release|Any CPU.ActiveCfg = Release|Any CPU
		{EC6F2D49-4C3A-2529-2F36-12991FA2DB8A}.Release|Any CPU.Build.0 = Release|Any CPU
	EndGlobalSection
	GlobalSection(SolutionProperties) = preSolution
		HideSolutionNode = FALSE
	EndGlobalSection
	GlobalSection(ExtensibilityGlobals) = postSolution
		SolutionGuid = {FBF263B6-D771-44E4-828B-05B014EE55C8}
	EndGlobalSection
EndGlobal
